
Microsoft Visual Studio Solution File, Format Version 12.00
# Visual Studio 15
VisualStudioVersion = 15.0.27703.2042
MinimumVisualStudioVersion = 10.0.40219.1
Project("{FAE04EC0-301F-11D3-BF4B-00C04F79EFBC}") = "Model", "Model\Model.csproj", "{3A1CE291-2CA5-40E1-8354-40CB25FE78F5}"
EndProject
Project("{FAE04EC0-301F-11D3-BF4B-00C04F79EFBC}") = "Database", "Database\Database.csproj", "{0C165C88-46E5-4B9D-8DB1-549F06712F8E}"
EndProject
Global
	GlobalSection(SolutionConfigurationPlatforms) = preSolution
		Debug|Any CPU = Debug|Any CPU
		Release|Any CPU = Release|Any CPU
	EndGlobalSection
	GlobalSection(ProjectConfigurationPlatforms) = postSolution
		{3A1CE291-2CA5-40E1-8354-40CB25FE78F5}.Debug|Any CPU.ActiveCfg = Debug|Any CPU
		{3A1CE291-2CA5-40E1-8354-40CB25FE78F5}.Debug|Any CPU.Build.0 = Debug|Any CPU
		{3A1CE291-2CA5-40E1-8354-40CB25FE78F5}.Release|Any CPU.ActiveCfg = Release|Any CPU
		{3A1CE291-2CA5-40E1-8354-40CB25FE78F5}.Release|Any CPU.Build.0 = Release|Any CPU
		{0C165C88-46E5-4B9D-8DB1-549F06712F8E}.Debug|Any CPU.ActiveCfg = Debug|Any CPU
		{0C165C88-46E5-4B9D-8DB1-549F06712F8E}.Debug|Any CPU.Build.0 = Debug|Any CPU
		{0C165C88-46E5-4B9D-8DB1-549F06712F8E}.Release|Any CPU.ActiveCfg = Release|Any CPU
		{0C165C88-46E5-4B9D-8DB1-549F06712F8E}.Release|Any CPU.Build.0 = Release|Any CPU
	EndGlobalSection
	GlobalSection(SolutionProperties) = preSolution
		HideSolutionNode = FALSE
	EndGlobalSection
	GlobalSection(ExtensibilityGlobals) = postSolution
		SolutionGuid = {DF39CE56-CEC5-4989-8108-1822C5F7B267}
	EndGlobalSection
EndGlobal
